// !$*UTF8*$!
{
	archiveVersion = 1;
	classes = {
	};
	objectVersion = 46;
	objects = {

/* Begin PBXBuildFile section */
		CCED0474E21063262D665711 /* Pods_PushMyNotifs.framework in Frameworks */ = {isa = PBXBuildFile; fileRef = C6C0B1D67A229FC9674A93E8 /* Pods_PushMyNotifs.framework */; };
		F6E9D7F21F09548100AFA802 /* AppDelegate.swift in Sources */ = {isa = PBXBuildFile; fileRef = F6E9D7F11F09548100AFA802 /* AppDelegate.swift */; };
		F6E9D7F41F09548100AFA802 /* ViewController.swift in Sources */ = {isa = PBXBuildFile; fileRef = F6E9D7F31F09548100AFA802 /* ViewController.swift */; };
		F6E9D7F71F09548100AFA802 /* Main.storyboard in Resources */ = {isa = PBXBuildFile; fileRef = F6E9D7F51F09548100AFA802 /* Main.storyboard */; };
		F6E9D7F91F09548100AFA802 /* Assets.xcassets in Resources */ = {isa = PBXBuildFile; fileRef = F6E9D7F81F09548100AFA802 /* Assets.xcassets */; };
		F6E9D7FC1F09548100AFA802 /* LaunchScreen.storyboard in Resources */ = {isa = PBXBuildFile; fileRef = F6E9D7FA1F09548100AFA802 /* LaunchScreen.storyboard */; };
		F6E9D8041F09550900AFA802 /* GoogleService-Info.plist in Resources */ = {isa = PBXBuildFile; fileRef = F6E9D8031F09550900AFA802 /* GoogleService-Info.plist */; };
/* End PBXBuildFile section */

/* Begin PBXFileReference section */
		A80520B10061FB230A5A1809 /* Pods-PushMyNotifs.debug.xcconfig */ = {isa = PBXFileReference; includeInIndex = 1; lastKnownFileType = text.xcconfig; name = "Pods-PushMyNotifs.debug.xcconfig"; path = "Pods/Target Support Files/Pods-PushMyNotifs/Pods-PushMyNotifs.debug.xcconfig"; sourceTree = "<group>"; };
		C6C0B1D67A229FC9674A93E8 /* Pods_PushMyNotifs.framework */ = {isa = PBXFileReference; explicitFileType = wrapper.framework; includeInIndex = 0; path = Pods_PushMyNotifs.framework; sourceTree = BUILT_PRODUCTS_DIR; };
		D2AE38EDF440C6290DCBF5D6 /* Pods-PushMyNotifs.release.xcconfig */ = {isa = PBXFileReference; includeInIndex = 1; lastKnownFileType = text.xcconfig; name = "Pods-PushMyNotifs.release.xcconfig"; path = "Pods/Target Support Files/Pods-PushMyNotifs/Pods-PushMyNotifs.release.xcconfig"; sourceTree = "<group>"; };
		F65AFA1A1F09714200B3AD05 /* PushMyNotifs.entitlements */ = {isa = PBXFileReference; lastKnownFileType = text.plist.entitlements; path = PushMyNotifs.entitlements; sourceTree = "<group>"; };
		F6E9D7EE1F09548100AFA802 /* PushMyNotifs.app */ = {isa = PBXFileReference; explicitFileType = wrapper.application; includeInIndex = 0; path = PushMyNotifs.app; sourceTree = BUILT_PRODUCTS_DIR; };
		F6E9D7F11F09548100AFA802 /* AppDelegate.swift */ = {isa = PBXFileReference; lastKnownFileType = sourcecode.swift; path = AppDelegate.swift; sourceTree = "<group>"; };
		F6E9D7F31F09548100AFA802 /* ViewController.swift */ = {isa = PBXFileReference; lastKnownFileType = sourcecode.swift; path = ViewController.swift; sourceTree = "<group>"; };
		F6E9D7F61F09548100AFA802 /* Base */ = {isa = PBXFileReference; lastKnownFileType = file.storyboard; name = Base; path = Base.lproj/Main.storyboard; sourceTree = "<group>"; };
		F6E9D7F81F09548100AFA802 /* Assets.xcassets */ = {isa = PBXFileReference; lastKnownFileType = folder.assetcatalog; path = Assets.xcassets; sourceTree = "<group>"; };
		F6E9D7FB1F09548100AFA802 /* Base */ = {isa = PBXFileReference; lastKnownFileType = file.storyboard; name = Base; path = Base.lproj/LaunchScreen.storyboard; sourceTree = "<group>"; };
		F6E9D7FD1F09548100AFA802 /* Info.plist */ = {isa = PBXFileReference; lastKnownFileType = text.plist.xml; path = Info.plist; sourceTree = "<group>"; };
		F6E9D8031F09550900AFA802 /* GoogleService-Info.plist */ = {isa = PBXFileReference; fileEncoding = 4; lastKnownFileType = text.plist.xml; path = "GoogleService-Info.plist"; sourceTree = "<group>"; };
/* End PBXFileReference section */

/* Begin PBXFrameworksBuildPhase section */
		F6E9D7EB1F09548100AFA802 /* Frameworks */ = {
			isa = PBXFrameworksBuildPhase;
			buildActionMask = 2147483647;
			files = (
				CCED0474E21063262D665711 /* Pods_PushMyNotifs.framework in Frameworks */,
			);
			runOnlyForDeploymentPostprocessing = 0;
		};
/* End PBXFrameworksBuildPhase section */

/* Begin PBXGroup section */
		48C584EE4554BFC3CE4D1640 /* Pods */ = {
			isa = PBXGroup;
			children = (
				A80520B10061FB230A5A1809 /* Pods-PushMyNotifs.debug.xcconfig */,
				D2AE38EDF440C6290DCBF5D6 /* Pods-PushMyNotifs.release.xcconfig */,
			);
			name = Pods;
			sourceTree = "<group>";
		};
		F6E9D7E51F09548100AFA802 = {
			isa = PBXGroup;
			children = (
				F6E9D7F01F09548100AFA802 /* PushMyNotifs */,
				F6E9D7EF1F09548100AFA802 /* Products */,
				48C584EE4554BFC3CE4D1640 /* Pods */,
				FC59994ED7850666D9AD6DEE /* Frameworks */,
			);
			sourceTree = "<group>";
		};
		F6E9D7EF1F09548100AFA802 /* Products */ = {
			isa = PBXGroup;
			children = (
				F6E9D7EE1F09548100AFA802 /* PushMyNotifs.app */,
			);
			name = Products;
			sourceTree = "<group>";
		};
		F6E9D7F01F09548100AFA802 /* PushMyNotifs */ = {
			isa = PBXGroup;
			children = (
				F65AFA1A1F09714200B3AD05 /* PushMyNotifs.entitlements */,
				F6E9D8031F09550900AFA802 /* GoogleService-Info.plist */,
				F6E9D7F11F09548100AFA802 /* AppDelegate.swift */,
				F6E9D7F31F09548100AFA802 /* ViewController.swift */,
				F6E9D7F51F09548100AFA802 /* Main.storyboard */,
				F6E9D7F81F09548100AFA802 /* Assets.xcassets */,
				F6E9D7FA1F09548100AFA802 /* LaunchScreen.storyboard */,
				F6E9D7FD1F09548100AFA802 /* Info.plist */,
			);
			path = PushMyNotifs;
			sourceTree = "<group>";
		};
		FC59994ED7850666D9AD6DEE /* Frameworks */ = {
			isa = PBXGroup;
			children = (
				C6C0B1D67A229FC9674A93E8 /* Pods_PushMyNotifs.framework */,
			);
			name = Frameworks;
			sourceTree = "<group>";
		};
/* End PBXGroup section */

/* Begin PBXNativeTarget section */
		F6E9D7ED1F09548100AFA802 /* PushMyNotifs */ = {
			isa = PBXNativeTarget;
			buildConfigurationList = F6E9D8001F09548100AFA802 /* Build configuration list for PBXNativeTarget "PushMyNotifs" */;
			buildPhases = (
				53C18088A71A00CC35DE5651 /* [CP] Check Pods Manifest.lock */,
				F6E9D7EA1F09548100AFA802 /* Sources */,
				F6E9D7EB1F09548100AFA802 /* Frameworks */,
				F6E9D7EC1F09548100AFA802 /* Resources */,
				35C28DC0E883030DE68FF588 /* [CP] Embed Pods Frameworks */,
				2B0B6AD7BD34FDE8B4CD3A0A /* [CP] Copy Pods Resources */,
			);
			buildRules = (
			);
			dependencies = (
			);
			name = PushMyNotifs;
			productName = PushMyNotifs;
			productReference = F6E9D7EE1F09548100AFA802 /* PushMyNotifs.app */;
			productType = "com.apple.product-type.application";
		};
/* End PBXNativeTarget section */

/* Begin PBXProject section */
		F6E9D7E61F09548100AFA802 /* Project object */ = {
			isa = PBXProject;
			attributes = {
				LastSwiftUpdateCheck = 0830;
				LastUpgradeCheck = 0830;
				ORGANIZATIONNAME = "Lane Faison";
				TargetAttributes = {
					F6E9D7ED1F09548100AFA802 = {
						CreatedOnToolsVersion = 8.3.3;
						DevelopmentTeam = 34KC4VR7Y2;
						ProvisioningStyle = Automatic;
						SystemCapabilities = {
							com.apple.Push = {
								enabled = 1;
							};
						};
					};
				};
			};
			buildConfigurationList = F6E9D7E91F09548100AFA802 /* Build configuration list for PBXProject "PushMyNotifs" */;
			compatibilityVersion = "Xcode 3.2";
			developmentRegion = English;
			hasScannedForEncodings = 0;
			knownRegions = (
				en,
				Base,
			);
			mainGroup = F6E9D7E51F09548100AFA802;
			productRefGroup = F6E9D7EF1F09548100AFA802 /* Products */;
			projectDirPath = "";
			projectRoot = "";
			targets = (
				F6E9D7ED1F09548100AFA802 /* PushMyNotifs */,
			);
		};
/* End PBXProject section */

/* Begin PBXResourcesBuildPhase section */
		F6E9D7EC1F09548100AFA802 /* Resources */ = {
			isa = PBXResourcesBuildPhase;
			buildActionMask = 2147483647;
			files = (
				F6E9D7FC1F09548100AFA802 /* LaunchScreen.storyboard in Resources */,
				F6E9D8041F09550900AFA802 /* GoogleService-Info.plist in Resources */,
				F6E9D7F91F09548100AFA802 /* Assets.xcassets in Resources */,
				F6E9D7F71F09548100AFA802 /* Main.storyboard in Resources */,
			);
			runOnlyForDeploymentPostprocessing = 0;
		};
/* End PBXResourcesBuildPhase section */

/* Begin PBXShellScriptBuildPhase section */
		2B0B6AD7BD34FDE8B4CD3A0A /* [CP] Copy Pods Resources */ = {
			isa = PBXShellScriptBuildPhase;
			buildActionMask = 2147483647;
			files = (
			);
			inputPaths = (
			);
			name = "[CP] Copy Pods Resources";
			outputPaths = (
			);
			runOnlyForDeploymentPostprocessing = 0;
			shellPath = /bin/sh;
			shellScript = "\"${SRCROOT}/Pods/Target Support Files/Pods-PushMyNotifs/Pods-PushMyNotifs-resources.sh\"\n";
			showEnvVarsInLog = 0;
		};
		35C28DC0E883030DE68FF588 /* [CP] Embed Pods Frameworks */ = {
			isa = PBXShellScriptBuildPhase;
			buildActionMask = 2147483647;
			files = (
			);
			inputPaths = (
			);
			name = "[CP] Embed Pods Frameworks";
			outputPaths = (
			);
			runOnlyForDeploymentPostprocessing = 0;
			shellPath = /bin/sh;
			shellScript = "\"${SRCROOT}/Pods/Target Support Files/Pods-PushMyNotifs/Pods-PushMyNotifs-frameworks.sh\"\n";
			showEnvVarsInLog = 0;
		};
		53C18088A71A00CC35DE5651 /* [CP] Check Pods Manifest.lock */ = {
			isa = PBXShellScriptBuildPhase;
			buildActionMask = 2147483647;
			files = (
			);
			inputPaths = (
			);
			name = "[CP] Check Pods Manifest.lock";
			outputPaths = (
			);
			runOnlyForDeploymentPostprocessing = 0;
			shellPath = /bin/sh;
			shellScript = "diff \"${PODS_PODFILE_DIR_PATH}/Podfile.lock\" \"${PODS_ROOT}/Manifest.lock\" > /dev/null\nif [ $? != 0 ] ; then\n    # print error to STDERR\n    echo \"error: The sandbox is not in sync with the Podfile.lock. Run 'pod install' or update your CocoaPods installation.\" >&2\n    exit 1\nfi\n";
			showEnvVarsInLog = 0;
		};
/* End PBXShellScriptBuildPhase section */

/* Begin PBXSourcesBuildPhase section */
		F6E9D7EA1F09548100AFA802 /* Sources */ = {
			isa = PBXSourcesBuildPhase;
			buildActionMask = 2147483647;
			files = (
				F6E9D7F41F09548100AFA802 /* ViewController.swift in Sources */,
				F6E9D7F21F09548100AFA802 /* AppDelegate.swift in Sources */,
			);
			runOnlyForDeploymentPostprocessing = 0;
		};
/* End PBXSourcesBuildPhase section */

/* Begin PBXVariantGroup section */
		F6E9D7F51F09548100AFA802 /* Main.storyboard */ = {
			isa = PBXVariantGroup;
			children = (
				F6E9D7F61F09548100AFA802 /* Base */,
			);
			name = Main.storyboard;
			sourceTree = "<group>";
		};
		F6E9D7FA1F09548100AFA802 /* LaunchScreen.storyboard */ = {
			isa = PBXVariantGroup;
			children = (
				F6E9D7FB1F09548100AFA802 /* Base */,
			);
			name = LaunchScreen.storyboard;
			sourceTree = "<group>";
		};
/* End PBXVariantGroup section */

/* Begin XCBuildConfiguration section */
		F6E9D7FE1F09548100AFA802 /* Debug */ = {
			isa = XCBuildConfiguration;
			buildSettings = {
				ALWAYS_SEARCH_USER_PATHS = NO;
				CLANG_ANALYZER_NONNULL = YES;
				CLANG_ANALYZER_NUMBER_OBJECT_CONVERSION = YES_AGGRESSIVE;
				CLANG_CXX_LANGUAGE_STANDARD = "gnu++0x";
				CLANG_CXX_LIBRARY = "libc++";
				CLANG_ENABLE_MODULES = YES;
				CLANG_ENABLE_OBJC_ARC = YES;
				CLANG_WARN_BOOL_CONVERSION = YES;
				CLANG_WARN_CONSTANT_CONVERSION = YES;
				CLANG_WARN_DIRECT_OBJC_ISA_USAGE = YES_ERROR;
				CLANG_WARN_DOCUMENTATION_COMMENTS = YES;
				CLANG_WARN_EMPTY_BODY = YES;
				CLANG_WARN_ENUM_CONVERSION = YES;
				CLANG_WARN_INFINITE_RECURSION = YES;
				CLANG_WARN_INT_CONVERSION = YES;
				CLANG_WARN_OBJC_ROOT_CLASS = YES_ERROR;
				CLANG_WARN_SUSPICIOUS_MOVE = YES;
				CLANG_WARN_UNREACHABLE_CODE = YES;
				CLANG_WARN__DUPLICATE_METHOD_MATCH = YES;
				"CODE_SIGN_IDENTITY[sdk=iphoneos*]" = "iPhone Developer";
				COPY_PHASE_STRIP = NO;
				DEBUG_INFORMATION_FORMAT = dwarf;
				ENABLE_STRICT_OBJC_MSGSEND = YES;
				ENABLE_TESTABILITY = YES;
				GCC_C_LANGUAGE_STANDARD = gnu99;
				GCC_DYNAMIC_NO_PIC = NO;
				GCC_NO_COMMON_BLOCKS = YES;
				GCC_OPTIMIZATION_LEVEL = 0;
				GCC_PREPROCESSOR_DEFINITIONS = (
					"DEBUG=1",
					"$(inherited)",
				);
				GCC_WARN_64_TO_32_BIT_CONVERSION = YES;
				GCC_WARN_ABOUT_RETURN_TYPE = YES_ERROR;
				GCC_WARN_UNDECLARED_SELECTOR = YES;
				GCC_WARN_UNINITIALIZED_AUTOS = YES_AGGRESSIVE;
				GCC_WARN_UNUSED_FUNCTION = YES;
				GCC_WARN_UNUSED_VARIABLE = YES;
				IPHONEOS_DEPLOYMENT_TARGET = 10.3;
				MTL_ENABLE_DEBUG_INFO = YES;
				ONLY_ACTIVE_ARCH = YES;
				SDKROOT = iphoneos;
				SWIFT_ACTIVE_COMPILATION_CONDITIONS = DEBUG;
				SWIFT_OPTIMIZATION_LEVEL = "-Onone";
			};
			name = Debug;
		};
		F6E9D7FF1F09548100AFA802 /* Release */ = {
			isa = XCBuildConfiguration;
			buildSettings = {
				ALWAYS_SEARCH_USER_PATHS = NO;
				CLANG_ANALYZER_NONNULL = YES;
				CLANG_ANALYZER_NUMBER_OBJECT_CONVERSION = YES_AGGRESSIVE;
				CLANG_CXX_LANGUAGE_STANDARD = "gnu++0x";
				CLANG_CXX_LIBRARY = "libc++";
				CLANG_ENABLE_MODULES = YES;
				CLANG_ENABLE_OBJC_ARC = YES;
				CLANG_WARN_BOOL_CONVERSION = YES;
				CLANG_WARN_CONSTANT_CONVERSION = YES;
				CLANG_WARN_DIRECT_OBJC_ISA_USAGE = YES_ERROR;
				CLANG_WARN_DOCUMENTATION_COMMENTS = YES;
				CLANG_WARN_EMPTY_BODY = YES;
				CLANG_WARN_ENUM_CONVERSION = YES;
				CLANG_WARN_INFINITE_RECURSION = YES;
				CLANG_WARN_INT_CONVERSION = YES;
				CLANG_WARN_OBJC_ROOT_CLASS = YES_ERROR;
				CLANG_WARN_SUSPICIOUS_MOVE = YES;
				CLANG_WARN_UNREACHABLE_CODE = YES;
				CLANG_WARN__DUPLICATE_METHOD_MATCH = YES;
				"CODE_SIGN_IDENTITY[sdk=iphoneos*]" = "iPhone Developer";
				COPY_PHASE_STRIP = NO;
				DEBUG_INFORMATION_FORMAT = "dwarf-with-dsym";
				ENABLE_NS_ASSERTIONS = NO;
				ENABLE_STRICT_OBJC_MSGSEND = YES;
				GCC_C_LANGUAGE_STANDARD = gnu99;
				GCC_NO_COMMON_BLOCKS = YES;
				GCC_WARN_64_TO_32_BIT_CONVERSION = YES;
				GCC_WARN_ABOUT_RETURN_TYPE = YES_ERROR;
				GCC_WARN_UNDECLARED_SELECTOR = YES;
				GCC_WARN_UNINITIALIZED_AUTOS = YES_AGGRESSIVE;
				GCC_WARN_UNUSED_FUNCTION = YES;
				GCC_WARN_UNUSED_VARIABLE = YES;
				IPHONEOS_DEPLOYMENT_TARGET = 10.3;
				MTL_ENABLE_DEBUG_INFO = NO;
				SDKROOT = iphoneos;
				SWIFT_OPTIMIZATION_LEVEL = "-Owholemodule";
				VALIDATE_PRODUCT = YES;
			};
			name = Release;
		};
		F6E9D8011F09548100AFA802 /* Debug */ = {
			isa = XCBuildConfiguration;
			baseConfigurationReference = A80520B10061FB230A5A1809 /* Pods-PushMyNotifs.debug.xcconfig */;
			buildSettings = {
				ASSETCATALOG_COMPILER_APPICON_NAME = AppIcon;
				CODE_SIGN_ENTITLEMENTS = PushMyNotifs/PushMyNotifs.entitlements;
				DEVELOPMENT_TEAM = 34KC4VR7Y2;
				INFOPLIST_FILE = PushMyNotifs/Info.plist;
				LD_RUNPATH_SEARCH_PATHS = "$(inherited) @executable_path/Frameworks";
				PRODUCT_BUNDLE_IDENTIFIER = com.lanefaison.PushMyNotifs;
				PRODUCT_NAME = "$(TARGET_NAME)";
				SWIFT_VERSION = 3.0;
			};
			name = Debug;
		};
		F6E9D8021F09548100AFA802 /* Release */ = {
			isa = XCBuildConfiguration;
			baseConfigurationReference = D2AE38EDF440C6290DCBF5D6 /* Pods-PushMyNotifs.release.xcconfig */;
			buildSettings = {
				ASSETCATALOG_COMPILER_APPICON_NAME = AppIcon;
				CODE_SIGN_ENTITLEMENTS = PushMyNotifs/PushMyNotifs.entitlements;
				DEVELOPMENT_TEAM = 34KC4VR7Y2;
				INFOPLIST_FILE = PushMyNotifs/Info.plist;
				LD_RUNPATH_SEARCH_PATHS = "$(inherited) @executable_path/Frameworks";
				PRODUCT_BUNDLE_IDENTIFIER = com.lanefaison.PushMyNotifs;
				PRODUCT_NAME = "$(TARGET_NAME)";
				SWIFT_VERSION = 3.0;
			};
			name = Release;
		};
/* End XCBuildConfiguration section */

/* Begin XCConfigurationList section */
		F6E9D7E91F09548100AFA802 /* Build configuration list for PBXProject "PushMyNotifs" */ = {
			isa = XCConfigurationList;
			buildConfigurations = (
				F6E9D7FE1F09548100AFA802 /* Debug */,
				F6E9D7FF1F09548100AFA802 /* Release */,
			);
			defaultConfigurationIsVisible = 0;
			defaultConfigurationName = Release;
		};
		F6E9D8001F09548100AFA802 /* Build configuration list for PBXNativeTarget "PushMyNotifs" */ = {
			isa = XCConfigurationList;
			buildConfigurations = (
				F6E9D8011F09548100AFA802 /* Debug */,
				F6E9D8021F09548100AFA802 /* Release */,
			);
			defaultConfigurationIsVisible = 0;
			defaultConfigurationName = Release;
		};
/* End XCConfigurationList section */
	};
	rootObject = F6E9D7E61F09548100AFA802 /* Project object */;
}
